// !$*UTF8*$!
{
	archiveVersion = 1;
	classes = {
	};
	objectVersion = 56;
	objects = {

/* Begin PBXBuildFile section */
		271BF8BE2AEE6DCB001BF16D /* HeroDetail.storyboard in Resources */ = {isa = PBXBuildFile; fileRef = 271BF8BD2AEE6DCB001BF16D /* HeroDetail.storyboard */; };
		271BF8C02AEE6DE1001BF16D /* HeroDetailViewController.swift in Sources */ = {isa = PBXBuildFile; fileRef = 271BF8BF2AEE6DE1001BF16D /* HeroDetailViewController.swift */; };
		271BF8C22AEE6DF2001BF16D /* HeroDetailViewModel.swift in Sources */ = {isa = PBXBuildFile; fileRef = 271BF8C12AEE6DF2001BF16D /* HeroDetailViewModel.swift */; };
		271BF8C52AEEB8B4001BF16D /* MapAnnotations.swift in Sources */ = {isa = PBXBuildFile; fileRef = 271BF8C42AEEB8B4001BF16D /* MapAnnotations.swift */; };
		271BF8C72AEEBC71001BF16D /* HeroLocationDAO.swift in Sources */ = {isa = PBXBuildFile; fileRef = 271BF8C62AEEBC71001BF16D /* HeroLocationDAO.swift */; };
		2725B0142AED5EDC00C880ED /* Hero.swift in Sources */ = {isa = PBXBuildFile; fileRef = 2725B0132AED5EDC00C880ED /* Hero.swift */; };
		2725B0162AED69BF00C880ED /* HeroLocation.swift in Sources */ = {isa = PBXBuildFile; fileRef = 2725B0152AED69BF00C880ED /* HeroLocation.swift */; };
		2725B01A2AED6D3400C880ED /* HeroDAO.swift in Sources */ = {isa = PBXBuildFile; fileRef = 2725B0192AED6D3400C880ED /* HeroDAO.swift */; };
		2725B01C2AED6E9800C880ED /* CoreDataStack.swift in Sources */ = {isa = PBXBuildFile; fileRef = 2725B01B2AED6E9800C880ED /* CoreDataStack.swift */; };
		279E55B32AEDC41200DCA2F7 /* Extension+URL.swift in Sources */ = {isa = PBXBuildFile; fileRef = 279E55B22AEDC41200DCA2F7 /* Extension+URL.swift */; };
		27CD84A42AED091800344B3E /* AppDelegate.swift in Sources */ = {isa = PBXBuildFile; fileRef = 27CD84A32AED091800344B3E /* AppDelegate.swift */; };
		27CD84A62AED091800344B3E /* SceneDelegate.swift in Sources */ = {isa = PBXBuildFile; fileRef = 27CD84A52AED091800344B3E /* SceneDelegate.swift */; };
		27CD84A82AED091800344B3E /* SplashViewController.swift in Sources */ = {isa = PBXBuildFile; fileRef = 27CD84A72AED091800344B3E /* SplashViewController.swift */; };
		27CD84AB2AED091800344B3E /* Splash.storyboard in Resources */ = {isa = PBXBuildFile; fileRef = 27CD84A92AED091800344B3E /* Splash.storyboard */; };
		27CD84AE2AED091800344B3E /* Practica_iOS_avanzado_ref1.xcdatamodeld in Sources */ = {isa = PBXBuildFile; fileRef = 27CD84AC2AED091800344B3E /* Practica_iOS_avanzado_ref1.xcdatamodeld */; };
		27CD84B02AED091900344B3E /* Assets.xcassets in Resources */ = {isa = PBXBuildFile; fileRef = 27CD84AF2AED091900344B3E /* Assets.xcassets */; };
		27CD84B32AED091900344B3E /* LaunchScreen.storyboard in Resources */ = {isa = PBXBuildFile; fileRef = 27CD84B12AED091900344B3E /* LaunchScreen.storyboard */; };
		27CD84BE2AED091A00344B3E /* Practica_iOS_avanzado_ref1Tests.swift in Sources */ = {isa = PBXBuildFile; fileRef = 27CD84BD2AED091A00344B3E /* Practica_iOS_avanzado_ref1Tests.swift */; };
		27CD84C82AED091A00344B3E /* Practica_iOS_avanzado_ref1UITests.swift in Sources */ = {isa = PBXBuildFile; fileRef = 27CD84C72AED091A00344B3E /* Practica_iOS_avanzado_ref1UITests.swift */; };
		27CD84CA2AED091A00344B3E /* Practica_iOS_avanzado_ref1UITestsLaunchTests.swift in Sources */ = {isa = PBXBuildFile; fileRef = 27CD84C92AED091A00344B3E /* Practica_iOS_avanzado_ref1UITestsLaunchTests.swift */; };
		27CD84DB2AED184100344B3E /* SplashViewModel.swift in Sources */ = {isa = PBXBuildFile; fileRef = 27CD84DA2AED184100344B3E /* SplashViewModel.swift */; };
		27CD84DE2AED19FE00344B3E /* Kingfisher in Frameworks */ = {isa = PBXBuildFile; productRef = 27CD84DD2AED19FE00344B3E /* Kingfisher */; };
		27CD84E12AED1A0700344B3E /* KeychainSwift in Frameworks */ = {isa = PBXBuildFile; productRef = 27CD84E02AED1A0700344B3E /* KeychainSwift */; };
		27CD84E52AED1A5100344B3E /* VaultApi.swift in Sources */ = {isa = PBXBuildFile; fileRef = 27CD84E42AED1A5100344B3E /* VaultApi.swift */; };
		27CD84E92AED1C3C00344B3E /* NetworkApi.swift in Sources */ = {isa = PBXBuildFile; fileRef = 27CD84E82AED1C3C00344B3E /* NetworkApi.swift */; };
		27CD84EF2AED294200344B3E /* LoginViewController.swift in Sources */ = {isa = PBXBuildFile; fileRef = 27CD84EE2AED294200344B3E /* LoginViewController.swift */; };
		27CD84F12AED295A00344B3E /* LoginViewModel.swift in Sources */ = {isa = PBXBuildFile; fileRef = 27CD84F02AED295A00344B3E /* LoginViewModel.swift */; };
		27CD84F32AED2E6C00344B3E /* Login.storyboard in Resources */ = {isa = PBXBuildFile; fileRef = 27CD84F22AED2E6C00344B3E /* Login.storyboard */; };
		27CD84F62AED411A00344B3E /* Heroes.storyboard in Resources */ = {isa = PBXBuildFile; fileRef = 27CD84F52AED411A00344B3E /* Heroes.storyboard */; };
		27CD84F82AED415300344B3E /* HeroesViewController.swift in Sources */ = {isa = PBXBuildFile; fileRef = 27CD84F72AED415300344B3E /* HeroesViewController.swift */; };
		27CD84FA2AED416200344B3E /* HeroesViewModel.swift in Sources */ = {isa = PBXBuildFile; fileRef = 27CD84F92AED416200344B3E /* HeroesViewModel.swift */; };
		27CD84FE2AED417D00344B3E /* HeroesTableViewCell.swift in Sources */ = {isa = PBXBuildFile; fileRef = 27CD84FC2AED417D00344B3E /* HeroesTableViewCell.swift */; };
		27CD84FF2AED417D00344B3E /* HeroesTableViewCell.xib in Resources */ = {isa = PBXBuildFile; fileRef = 27CD84FD2AED417D00344B3E /* HeroesTableViewCell.xib */; };
/* End PBXBuildFile section */

/* Begin PBXContainerItemProxy section */
		27CD84BA2AED091A00344B3E /* PBXContainerItemProxy */ = {
			isa = PBXContainerItemProxy;
			containerPortal = 27CD84982AED091800344B3E /* Project object */;
			proxyType = 1;
			remoteGlobalIDString = 27CD849F2AED091800344B3E;
			remoteInfo = Practica_iOS_avanzado_ref1;
		};
		27CD84C42AED091A00344B3E /* PBXContainerItemProxy */ = {
			isa = PBXContainerItemProxy;
			containerPortal = 27CD84982AED091800344B3E /* Project object */;
			proxyType = 1;
			remoteGlobalIDString = 27CD849F2AED091800344B3E;
			remoteInfo = Practica_iOS_avanzado_ref1;
		};
/* End PBXContainerItemProxy section */

/* Begin PBXFileReference section */
		271BF8BD2AEE6DCB001BF16D /* HeroDetail.storyboard */ = {isa = PBXFileReference; lastKnownFileType = file.storyboard; path = HeroDetail.storyboard; sourceTree = "<group>"; };
		271BF8BF2AEE6DE1001BF16D /* HeroDetailViewController.swift */ = {isa = PBXFileReference; lastKnownFileType = sourcecode.swift; path = HeroDetailViewController.swift; sourceTree = "<group>"; };
		271BF8C12AEE6DF2001BF16D /* HeroDetailViewModel.swift */ = {isa = PBXFileReference; lastKnownFileType = sourcecode.swift; path = HeroDetailViewModel.swift; sourceTree = "<group>"; };
		271BF8C42AEEB8B4001BF16D /* MapAnnotations.swift */ = {isa = PBXFileReference; lastKnownFileType = sourcecode.swift; path = MapAnnotations.swift; sourceTree = "<group>"; };
		271BF8C62AEEBC71001BF16D /* HeroLocationDAO.swift */ = {isa = PBXFileReference; lastKnownFileType = sourcecode.swift; path = HeroLocationDAO.swift; sourceTree = "<group>"; };
		2725B0132AED5EDC00C880ED /* Hero.swift */ = {isa = PBXFileReference; lastKnownFileType = sourcecode.swift; path = Hero.swift; sourceTree = "<group>"; };
		2725B0152AED69BF00C880ED /* HeroLocation.swift */ = {isa = PBXFileReference; lastKnownFileType = sourcecode.swift; path = HeroLocation.swift; sourceTree = "<group>"; };
		2725B0192AED6D3400C880ED /* HeroDAO.swift */ = {isa = PBXFileReference; lastKnownFileType = sourcecode.swift; path = HeroDAO.swift; sourceTree = "<group>"; };
		2725B01B2AED6E9800C880ED /* CoreDataStack.swift */ = {isa = PBXFileReference; lastKnownFileType = sourcecode.swift; path = CoreDataStack.swift; sourceTree = "<group>"; };
		279E55B22AEDC41200DCA2F7 /* Extension+URL.swift */ = {isa = PBXFileReference; lastKnownFileType = sourcecode.swift; path = "Extension+URL.swift"; sourceTree = "<group>"; };
		27CD84A02AED091800344B3E /* Practica_iOS_avanzado_ref1.app */ = {isa = PBXFileReference; explicitFileType = wrapper.application; includeInIndex = 0; path = Practica_iOS_avanzado_ref1.app; sourceTree = BUILT_PRODUCTS_DIR; };
		27CD84A32AED091800344B3E /* AppDelegate.swift */ = {isa = PBXFileReference; lastKnownFileType = sourcecode.swift; path = AppDelegate.swift; sourceTree = "<group>"; };
		27CD84A52AED091800344B3E /* SceneDelegate.swift */ = {isa = PBXFileReference; lastKnownFileType = sourcecode.swift; path = SceneDelegate.swift; sourceTree = "<group>"; };
		27CD84A72AED091800344B3E /* SplashViewController.swift */ = {isa = PBXFileReference; lastKnownFileType = sourcecode.swift; path = SplashViewController.swift; sourceTree = "<group>"; };
		27CD84AA2AED091800344B3E /* Base */ = {isa = PBXFileReference; lastKnownFileType = file.storyboard; name = Base; path = Base.lproj/Splash.storyboard; sourceTree = "<group>"; };
		27CD84AD2AED091800344B3E /* Practica_iOS_avanzado_ref1.xcdatamodel */ = {isa = PBXFileReference; lastKnownFileType = wrapper.xcdatamodel; path = Practica_iOS_avanzado_ref1.xcdatamodel; sourceTree = "<group>"; };
		27CD84AF2AED091900344B3E /* Assets.xcassets */ = {isa = PBXFileReference; lastKnownFileType = folder.assetcatalog; path = Assets.xcassets; sourceTree = "<group>"; };
		27CD84B22AED091900344B3E /* Base */ = {isa = PBXFileReference; lastKnownFileType = file.storyboard; name = Base; path = Base.lproj/LaunchScreen.storyboard; sourceTree = "<group>"; };
		27CD84B42AED091900344B3E /* Info.plist */ = {isa = PBXFileReference; lastKnownFileType = text.plist.xml; path = Info.plist; sourceTree = "<group>"; };
		27CD84B92AED091A00344B3E /* Practica_iOS_avanzado_ref1Tests.xctest */ = {isa = PBXFileReference; explicitFileType = wrapper.cfbundle; includeInIndex = 0; path = Practica_iOS_avanzado_ref1Tests.xctest; sourceTree = BUILT_PRODUCTS_DIR; };
		27CD84BD2AED091A00344B3E /* Practica_iOS_avanzado_ref1Tests.swift */ = {isa = PBXFileReference; lastKnownFileType = sourcecode.swift; path = Practica_iOS_avanzado_ref1Tests.swift; sourceTree = "<group>"; };
		27CD84C32AED091A00344B3E /* Practica_iOS_avanzado_ref1UITests.xctest */ = {isa = PBXFileReference; explicitFileType = wrapper.cfbundle; includeInIndex = 0; path = Practica_iOS_avanzado_ref1UITests.xctest; sourceTree = BUILT_PRODUCTS_DIR; };
		27CD84C72AED091A00344B3E /* Practica_iOS_avanzado_ref1UITests.swift */ = {isa = PBXFileReference; lastKnownFileType = sourcecode.swift; path = Practica_iOS_avanzado_ref1UITests.swift; sourceTree = "<group>"; };
		27CD84C92AED091A00344B3E /* Practica_iOS_avanzado_ref1UITestsLaunchTests.swift */ = {isa = PBXFileReference; lastKnownFileType = sourcecode.swift; path = Practica_iOS_avanzado_ref1UITestsLaunchTests.swift; sourceTree = "<group>"; };
		27CD84DA2AED184100344B3E /* SplashViewModel.swift */ = {isa = PBXFileReference; lastKnownFileType = sourcecode.swift; path = SplashViewModel.swift; sourceTree = "<group>"; };
		27CD84E42AED1A5100344B3E /* VaultApi.swift */ = {isa = PBXFileReference; lastKnownFileType = sourcecode.swift; path = VaultApi.swift; sourceTree = "<group>"; };
		27CD84E82AED1C3C00344B3E /* NetworkApi.swift */ = {isa = PBXFileReference; lastKnownFileType = sourcecode.swift; path = NetworkApi.swift; sourceTree = "<group>"; };
		27CD84EE2AED294200344B3E /* LoginViewController.swift */ = {isa = PBXFileReference; lastKnownFileType = sourcecode.swift; path = LoginViewController.swift; sourceTree = "<group>"; };
		27CD84F02AED295A00344B3E /* LoginViewModel.swift */ = {isa = PBXFileReference; lastKnownFileType = sourcecode.swift; path = LoginViewModel.swift; sourceTree = "<group>"; };
		27CD84F22AED2E6C00344B3E /* Login.storyboard */ = {isa = PBXFileReference; lastKnownFileType = file.storyboard; path = Login.storyboard; sourceTree = "<group>"; };
		27CD84F52AED411A00344B3E /* Heroes.storyboard */ = {isa = PBXFileReference; lastKnownFileType = file.storyboard; path = Heroes.storyboard; sourceTree = "<group>"; };
		27CD84F72AED415300344B3E /* HeroesViewController.swift */ = {isa = PBXFileReference; lastKnownFileType = sourcecode.swift; path = HeroesViewController.swift; sourceTree = "<group>"; };
		27CD84F92AED416200344B3E /* HeroesViewModel.swift */ = {isa = PBXFileReference; lastKnownFileType = sourcecode.swift; path = HeroesViewModel.swift; sourceTree = "<group>"; };
		27CD84FC2AED417D00344B3E /* HeroesTableViewCell.swift */ = {isa = PBXFileReference; lastKnownFileType = sourcecode.swift; path = HeroesTableViewCell.swift; sourceTree = "<group>"; };
		27CD84FD2AED417D00344B3E /* HeroesTableViewCell.xib */ = {isa = PBXFileReference; lastKnownFileType = file.xib; path = HeroesTableViewCell.xib; sourceTree = "<group>"; };
/* End PBXFileReference section */

/* Begin PBXFrameworksBuildPhase section */
		27CD849D2AED091800344B3E /* Frameworks */ = {
			isa = PBXFrameworksBuildPhase;
			buildActionMask = 2147483647;
			files = (
				27CD84E12AED1A0700344B3E /* KeychainSwift in Frameworks */,
				27CD84DE2AED19FE00344B3E /* Kingfisher in Frameworks */,
			);
			runOnlyForDeploymentPostprocessing = 0;
		};
		27CD84B62AED091A00344B3E /* Frameworks */ = {
			isa = PBXFrameworksBuildPhase;
			buildActionMask = 2147483647;
			files = (
			);
			runOnlyForDeploymentPostprocessing = 0;
		};
		27CD84C02AED091A00344B3E /* Frameworks */ = {
			isa = PBXFrameworksBuildPhase;
			buildActionMask = 2147483647;
			files = (
			);
			runOnlyForDeploymentPostprocessing = 0;
		};
/* End PBXFrameworksBuildPhase section */

/* Begin PBXGroup section */
		271BF8BB2AEE6D8F001BF16D /* HeroDetail */ = {
			isa = PBXGroup;
			children = (
				271BF8C32AEEB862001BF16D /* MapAnotations */,
				271BF8BD2AEE6DCB001BF16D /* HeroDetail.storyboard */,
				271BF8BF2AEE6DE1001BF16D /* HeroDetailViewController.swift */,
				271BF8C12AEE6DF2001BF16D /* HeroDetailViewModel.swift */,
			);
			path = HeroDetail;
			sourceTree = "<group>";
		};
		271BF8BC2AEE6DB4001BF16D /* HeroesMap */ = {
			isa = PBXGroup;
			children = (
			);
			path = HeroesMap;
			sourceTree = "<group>";
		};
		271BF8C32AEEB862001BF16D /* MapAnotations */ = {
			isa = PBXGroup;
			children = (
				271BF8C42AEEB8B4001BF16D /* MapAnnotations.swift */,
			);
			path = MapAnotations;
			sourceTree = "<group>";
		};
		2725B0112AED5EC300C880ED /* Domain */ = {
			isa = PBXGroup;
			children = (
				279E55B12AEDC3D400DCA2F7 /* Extensions */,
				2725B0122AED5ECF00C880ED /* Models */,
			);
			path = Domain;
			sourceTree = "<group>";
		};
		2725B0122AED5ECF00C880ED /* Models */ = {
			isa = PBXGroup;
			children = (
				2725B0132AED5EDC00C880ED /* Hero.swift */,
				2725B0152AED69BF00C880ED /* HeroLocation.swift */,
			);
			path = Models;
			sourceTree = "<group>";
		};
		2725B0182AED6D2300C880ED /* Models */ = {
			isa = PBXGroup;
			children = (
				2725B0192AED6D3400C880ED /* HeroDAO.swift */,
				271BF8C62AEEBC71001BF16D /* HeroLocationDAO.swift */,
			);
			path = Models;
			sourceTree = "<group>";
		};
		279E55B12AEDC3D400DCA2F7 /* Extensions */ = {
			isa = PBXGroup;
			children = (
				279E55B22AEDC41200DCA2F7 /* Extension+URL.swift */,
			);
			path = Extensions;
			sourceTree = "<group>";
		};
		27CD84972AED091800344B3E = {
			isa = PBXGroup;
			children = (
				27CD84A22AED091800344B3E /* Practica_iOS_avanzado_ref1 */,
				27CD84BC2AED091A00344B3E /* Practica_iOS_avanzado_ref1Tests */,
				27CD84C62AED091A00344B3E /* Practica_iOS_avanzado_ref1UITests */,
				27CD84A12AED091800344B3E /* Products */,
			);
			sourceTree = "<group>";
		};
		27CD84A12AED091800344B3E /* Products */ = {
			isa = PBXGroup;
			children = (
				27CD84A02AED091800344B3E /* Practica_iOS_avanzado_ref1.app */,
				27CD84B92AED091A00344B3E /* Practica_iOS_avanzado_ref1Tests.xctest */,
				27CD84C32AED091A00344B3E /* Practica_iOS_avanzado_ref1UITests.xctest */,
			);
			name = Products;
			sourceTree = "<group>";
		};
		27CD84A22AED091800344B3E /* Practica_iOS_avanzado_ref1 */ = {
			isa = PBXGroup;
			children = (
				27CD84A32AED091800344B3E /* AppDelegate.swift */,
				27CD84A52AED091800344B3E /* SceneDelegate.swift */,
				27CD84B42AED091900344B3E /* Info.plist */,
				2725B0112AED5EC300C880ED /* Domain */,
				27CD84E22AED1A2A00344B3E /* Data */,
				27CD84D82AED146500344B3E /* Resources */,
				27CD84EA2AED26BD00344B3E /* Presentation */,
			);
			path = Practica_iOS_avanzado_ref1;
			sourceTree = "<group>";
		};
		27CD84BC2AED091A00344B3E /* Practica_iOS_avanzado_ref1Tests */ = {
			isa = PBXGroup;
			children = (
				27CD84BD2AED091A00344B3E /* Practica_iOS_avanzado_ref1Tests.swift */,
			);
			path = Practica_iOS_avanzado_ref1Tests;
			sourceTree = "<group>";
		};
		27CD84C62AED091A00344B3E /* Practica_iOS_avanzado_ref1UITests */ = {
			isa = PBXGroup;
			children = (
				27CD84C72AED091A00344B3E /* Practica_iOS_avanzado_ref1UITests.swift */,
				27CD84C92AED091A00344B3E /* Practica_iOS_avanzado_ref1UITestsLaunchTests.swift */,
			);
			path = Practica_iOS_avanzado_ref1UITests;
			sourceTree = "<group>";
		};
		27CD84D62AED144800344B3E /* Splash */ = {
			isa = PBXGroup;
			children = (
				27CD84A92AED091800344B3E /* Splash.storyboard */,
				27CD84A72AED091800344B3E /* SplashViewController.swift */,
				27CD84DA2AED184100344B3E /* SplashViewModel.swift */,
			);
			path = Splash;
			sourceTree = "<group>";
		};
		27CD84D72AED145100344B3E /* Launch */ = {
			isa = PBXGroup;
			children = (
				27CD84B12AED091900344B3E /* LaunchScreen.storyboard */,
			);
			path = Launch;
			sourceTree = "<group>";
		};
		27CD84D82AED146500344B3E /* Resources */ = {
			isa = PBXGroup;
			children = (
				27CD84AF2AED091900344B3E /* Assets.xcassets */,
			);
			path = Resources;
			sourceTree = "<group>";
		};
		27CD84E22AED1A2A00344B3E /* Data */ = {
			isa = PBXGroup;
			children = (
				27CD84E62AED1C1300344B3E /* Remote */,
				27CD84E32AED1A2F00344B3E /* Local */,
			);
			path = Data;
			sourceTree = "<group>";
		};
		27CD84E32AED1A2F00344B3E /* Local */ = {
			isa = PBXGroup;
			children = (
				2725B0182AED6D2300C880ED /* Models */,
				27CD84AC2AED091800344B3E /* Practica_iOS_avanzado_ref1.xcdatamodeld */,
				27CD84E42AED1A5100344B3E /* VaultApi.swift */,
				2725B01B2AED6E9800C880ED /* CoreDataStack.swift */,
			);
			path = Local;
			sourceTree = "<group>";
		};
		27CD84E62AED1C1300344B3E /* Remote */ = {
			isa = PBXGroup;
			children = (
				27CD84E82AED1C3C00344B3E /* NetworkApi.swift */,
			);
			path = Remote;
			sourceTree = "<group>";
		};
		27CD84EA2AED26BD00344B3E /* Presentation */ = {
			isa = PBXGroup;
			children = (
				27CD84D72AED145100344B3E /* Launch */,
				27CD84D62AED144800344B3E /* Splash */,
				27CD84EB2AED26D000344B3E /* Login */,
				27CD84F42AED40F300344B3E /* Heroes */,
				271BF8BB2AEE6D8F001BF16D /* HeroDetail */,
				271BF8BC2AEE6DB4001BF16D /* HeroesMap */,
			);
			path = Presentation;
			sourceTree = "<group>";
		};
		27CD84EB2AED26D000344B3E /* Login */ = {
			isa = PBXGroup;
			children = (
				27CD84F22AED2E6C00344B3E /* Login.storyboard */,
				27CD84EE2AED294200344B3E /* LoginViewController.swift */,
				27CD84F02AED295A00344B3E /* LoginViewModel.swift */,
			);
			path = Login;
			sourceTree = "<group>";
		};
		27CD84F42AED40F300344B3E /* Heroes */ = {
			isa = PBXGroup;
			children = (
				27CD84FB2AED416A00344B3E /* Cell */,
				27CD84F52AED411A00344B3E /* Heroes.storyboard */,
				27CD84F72AED415300344B3E /* HeroesViewController.swift */,
				27CD84F92AED416200344B3E /* HeroesViewModel.swift */,
			);
			path = Heroes;
			sourceTree = "<group>";
		};
		27CD84FB2AED416A00344B3E /* Cell */ = {
			isa = PBXGroup;
			children = (
				27CD84FC2AED417D00344B3E /* HeroesTableViewCell.swift */,
				27CD84FD2AED417D00344B3E /* HeroesTableViewCell.xib */,
			);
			path = Cell;
			sourceTree = "<group>";
		};
/* End PBXGroup section */

/* Begin PBXNativeTarget section */
		27CD849F2AED091800344B3E /* Practica_iOS_avanzado_ref1 */ = {
			isa = PBXNativeTarget;
			buildConfigurationList = 27CD84CD2AED091A00344B3E /* Build configuration list for PBXNativeTarget "Practica_iOS_avanzado_ref1" */;
			buildPhases = (
				27CD849C2AED091800344B3E /* Sources */,
				27CD849D2AED091800344B3E /* Frameworks */,
				27CD849E2AED091800344B3E /* Resources */,
			);
			buildRules = (
			);
			dependencies = (
			);
			name = Practica_iOS_avanzado_ref1;
			packageProductDependencies = (
				27CD84DD2AED19FE00344B3E /* Kingfisher */,
				27CD84E02AED1A0700344B3E /* KeychainSwift */,
			);
			productName = Practica_iOS_avanzado_ref1;
			productReference = 27CD84A02AED091800344B3E /* Practica_iOS_avanzado_ref1.app */;
			productType = "com.apple.product-type.application";
		};
		27CD84B82AED091A00344B3E /* Practica_iOS_avanzado_ref1Tests */ = {
			isa = PBXNativeTarget;
			buildConfigurationList = 27CD84D02AED091A00344B3E /* Build configuration list for PBXNativeTarget "Practica_iOS_avanzado_ref1Tests" */;
			buildPhases = (
				27CD84B52AED091A00344B3E /* Sources */,
				27CD84B62AED091A00344B3E /* Frameworks */,
				27CD84B72AED091A00344B3E /* Resources */,
			);
			buildRules = (
			);
			dependencies = (
				27CD84BB2AED091A00344B3E /* PBXTargetDependency */,
			);
			name = Practica_iOS_avanzado_ref1Tests;
			productName = Practica_iOS_avanzado_ref1Tests;
			productReference = 27CD84B92AED091A00344B3E /* Practica_iOS_avanzado_ref1Tests.xctest */;
			productType = "com.apple.product-type.bundle.unit-test";
		};
		27CD84C22AED091A00344B3E /* Practica_iOS_avanzado_ref1UITests */ = {
			isa = PBXNativeTarget;
			buildConfigurationList = 27CD84D32AED091A00344B3E /* Build configuration list for PBXNativeTarget "Practica_iOS_avanzado_ref1UITests" */;
			buildPhases = (
				27CD84BF2AED091A00344B3E /* Sources */,
				27CD84C02AED091A00344B3E /* Frameworks */,
				27CD84C12AED091A00344B3E /* Resources */,
			);
			buildRules = (
			);
			dependencies = (
				27CD84C52AED091A00344B3E /* PBXTargetDependency */,
			);
			name = Practica_iOS_avanzado_ref1UITests;
			productName = Practica_iOS_avanzado_ref1UITests;
			productReference = 27CD84C32AED091A00344B3E /* Practica_iOS_avanzado_ref1UITests.xctest */;
			productType = "com.apple.product-type.bundle.ui-testing";
		};
/* End PBXNativeTarget section */

/* Begin PBXProject section */
		27CD84982AED091800344B3E /* Project object */ = {
			isa = PBXProject;
			attributes = {
				BuildIndependentTargetsInParallel = 1;
				LastSwiftUpdateCheck = 1500;
				LastUpgradeCheck = 1500;
				TargetAttributes = {
					27CD849F2AED091800344B3E = {
						CreatedOnToolsVersion = 15.0.1;
					};
					27CD84B82AED091A00344B3E = {
						CreatedOnToolsVersion = 15.0.1;
						TestTargetID = 27CD849F2AED091800344B3E;
					};
					27CD84C22AED091A00344B3E = {
						CreatedOnToolsVersion = 15.0.1;
						TestTargetID = 27CD849F2AED091800344B3E;
					};
				};
			};
			buildConfigurationList = 27CD849B2AED091800344B3E /* Build configuration list for PBXProject "Practica_iOS_avanzado_ref1" */;
			compatibilityVersion = "Xcode 14.0";
			developmentRegion = en;
			hasScannedForEncodings = 0;
			knownRegions = (
				en,
				Base,
			);
			mainGroup = 27CD84972AED091800344B3E;
			packageReferences = (
				27CD84DC2AED19FE00344B3E /* XCRemoteSwiftPackageReference "Kingfisher" */,
				27CD84DF2AED1A0700344B3E /* XCRemoteSwiftPackageReference "keychain-swift" */,
			);
			productRefGroup = 27CD84A12AED091800344B3E /* Products */;
			projectDirPath = "";
			projectRoot = "";
			targets = (
				27CD849F2AED091800344B3E /* Practica_iOS_avanzado_ref1 */,
				27CD84B82AED091A00344B3E /* Practica_iOS_avanzado_ref1Tests */,
				27CD84C22AED091A00344B3E /* Practica_iOS_avanzado_ref1UITests */,
			);
		};
/* End PBXProject section */

/* Begin PBXResourcesBuildPhase section */
		27CD849E2AED091800344B3E /* Resources */ = {
			isa = PBXResourcesBuildPhase;
			buildActionMask = 2147483647;
			files = (
				27CD84F32AED2E6C00344B3E /* Login.storyboard in Resources */,
				27CD84FF2AED417D00344B3E /* HeroesTableViewCell.xib in Resources */,
				27CD84B32AED091900344B3E /* LaunchScreen.storyboard in Resources */,
				271BF8BE2AEE6DCB001BF16D /* HeroDetail.storyboard in Resources */,
				27CD84B02AED091900344B3E /* Assets.xcassets in Resources */,
				27CD84F62AED411A00344B3E /* Heroes.storyboard in Resources */,
				27CD84AB2AED091800344B3E /* Splash.storyboard in Resources */,
			);
			runOnlyForDeploymentPostprocessing = 0;
		};
		27CD84B72AED091A00344B3E /* Resources */ = {
			isa = PBXResourcesBuildPhase;
			buildActionMask = 2147483647;
			files = (
			);
			runOnlyForDeploymentPostprocessing = 0;
		};
		27CD84C12AED091A00344B3E /* Resources */ = {
			isa = PBXResourcesBuildPhase;
			buildActionMask = 2147483647;
			files = (
			);
			runOnlyForDeploymentPostprocessing = 0;
		};
/* End PBXResourcesBuildPhase section */

/* Begin PBXSourcesBuildPhase section */
		27CD849C2AED091800344B3E /* Sources */ = {
			isa = PBXSourcesBuildPhase;
			buildActionMask = 2147483647;
			files = (
				2725B0162AED69BF00C880ED /* HeroLocation.swift in Sources */,
				27CD84DB2AED184100344B3E /* SplashViewModel.swift in Sources */,
				279E55B32AEDC41200DCA2F7 /* Extension+URL.swift in Sources */,
				271BF8C52AEEB8B4001BF16D /* MapAnnotations.swift in Sources */,
				27CD84FE2AED417D00344B3E /* HeroesTableViewCell.swift in Sources */,
				27CD84E52AED1A5100344B3E /* VaultApi.swift in Sources */,
				27CD84AE2AED091800344B3E /* Practica_iOS_avanzado_ref1.xcdatamodeld in Sources */,
				27CD84A82AED091800344B3E /* SplashViewController.swift in Sources */,
				27CD84F82AED415300344B3E /* HeroesViewController.swift in Sources */,
				2725B01C2AED6E9800C880ED /* CoreDataStack.swift in Sources */,
				27CD84EF2AED294200344B3E /* LoginViewController.swift in Sources */,
				27CD84A42AED091800344B3E /* AppDelegate.swift in Sources */,
				2725B01A2AED6D3400C880ED /* HeroDAO.swift in Sources */,
				27CD84E92AED1C3C00344B3E /* NetworkApi.swift in Sources */,
				27CD84A62AED091800344B3E /* SceneDelegate.swift in Sources */,
				27CD84F12AED295A00344B3E /* LoginViewModel.swift in Sources */,
				271BF8C02AEE6DE1001BF16D /* HeroDetailViewController.swift in Sources */,
				271BF8C22AEE6DF2001BF16D /* HeroDetailViewModel.swift in Sources */,
				2725B0142AED5EDC00C880ED /* Hero.swift in Sources */,
				27CD84FA2AED416200344B3E /* HeroesViewModel.swift in Sources */,
				271BF8C72AEEBC71001BF16D /* HeroLocationDAO.swift in Sources */,
			);
			runOnlyForDeploymentPostprocessing = 0;
		};
		27CD84B52AED091A00344B3E /* Sources */ = {
			isa = PBXSourcesBuildPhase;
			buildActionMask = 2147483647;
			files = (
				27CD84BE2AED091A00344B3E /* Practica_iOS_avanzado_ref1Tests.swift in Sources */,
			);
			runOnlyForDeploymentPostprocessing = 0;
		};
		27CD84BF2AED091A00344B3E /* Sources */ = {
			isa = PBXSourcesBuildPhase;
			buildActionMask = 2147483647;
			files = (
				27CD84C82AED091A00344B3E /* Practica_iOS_avanzado_ref1UITests.swift in Sources */,
				27CD84CA2AED091A00344B3E /* Practica_iOS_avanzado_ref1UITestsLaunchTests.swift in Sources */,
			);
			runOnlyForDeploymentPostprocessing = 0;
		};
/* End PBXSourcesBuildPhase section */

/* Begin PBXTargetDependency section */
		27CD84BB2AED091A00344B3E /* PBXTargetDependency */ = {
			isa = PBXTargetDependency;
			target = 27CD849F2AED091800344B3E /* Practica_iOS_avanzado_ref1 */;
			targetProxy = 27CD84BA2AED091A00344B3E /* PBXContainerItemProxy */;
		};
		27CD84C52AED091A00344B3E /* PBXTargetDependency */ = {
			isa = PBXTargetDependency;
			target = 27CD849F2AED091800344B3E /* Practica_iOS_avanzado_ref1 */;
			targetProxy = 27CD84C42AED091A00344B3E /* PBXContainerItemProxy */;
		};
/* End PBXTargetDependency section */

/* Begin PBXVariantGroup section */
		27CD84A92AED091800344B3E /* Splash.storyboard */ = {
			isa = PBXVariantGroup;
			children = (
				27CD84AA2AED091800344B3E /* Base */,
			);
			name = Splash.storyboard;
			sourceTree = "<group>";
		};
		27CD84B12AED091900344B3E /* LaunchScreen.storyboard */ = {
			isa = PBXVariantGroup;
			children = (
				27CD84B22AED091900344B3E /* Base */,
			);
			name = LaunchScreen.storyboard;
			sourceTree = "<group>";
		};
/* End PBXVariantGroup section */

/* Begin XCBuildConfiguration section */
		27CD84CB2AED091A00344B3E /* Debug */ = {
			isa = XCBuildConfiguration;
			buildSettings = {
				ALWAYS_SEARCH_USER_PATHS = NO;
				ASSETCATALOG_COMPILER_GENERATE_SWIFT_ASSET_SYMBOL_EXTENSIONS = YES;
				CLANG_ANALYZER_NONNULL = YES;
				CLANG_ANALYZER_NUMBER_OBJECT_CONVERSION = YES_AGGRESSIVE;
				CLANG_CXX_LANGUAGE_STANDARD = "gnu++20";
				CLANG_ENABLE_MODULES = YES;
				CLANG_ENABLE_OBJC_ARC = YES;
				CLANG_ENABLE_OBJC_WEAK = YES;
				CLANG_WARN_BLOCK_CAPTURE_AUTORELEASING = YES;
				CLANG_WARN_BOOL_CONVERSION = YES;
				CLANG_WARN_COMMA = YES;
				CLANG_WARN_CONSTANT_CONVERSION = YES;
				CLANG_WARN_DEPRECATED_OBJC_IMPLEMENTATIONS = YES;
				CLANG_WARN_DIRECT_OBJC_ISA_USAGE = YES_ERROR;
				CLANG_WARN_DOCUMENTATION_COMMENTS = YES;
				CLANG_WARN_EMPTY_BODY = YES;
				CLANG_WARN_ENUM_CONVERSION = YES;
				CLANG_WARN_INFINITE_RECURSION = YES;
				CLANG_WARN_INT_CONVERSION = YES;
				CLANG_WARN_NON_LITERAL_NULL_CONVERSION = YES;
				CLANG_WARN_OBJC_IMPLICIT_RETAIN_SELF = YES;
				CLANG_WARN_OBJC_LITERAL_CONVERSION = YES;
				CLANG_WARN_OBJC_ROOT_CLASS = YES_ERROR;
				CLANG_WARN_QUOTED_INCLUDE_IN_FRAMEWORK_HEADER = YES;
				CLANG_WARN_RANGE_LOOP_ANALYSIS = YES;
				CLANG_WARN_STRICT_PROTOTYPES = YES;
				CLANG_WARN_SUSPICIOUS_MOVE = YES;
				CLANG_WARN_UNGUARDED_AVAILABILITY = YES_AGGRESSIVE;
				CLANG_WARN_UNREACHABLE_CODE = YES;
				CLANG_WARN__DUPLICATE_METHOD_MATCH = YES;
				COPY_PHASE_STRIP = NO;
				DEBUG_INFORMATION_FORMAT = dwarf;
				ENABLE_STRICT_OBJC_MSGSEND = YES;
				ENABLE_TESTABILITY = YES;
				ENABLE_USER_SCRIPT_SANDBOXING = YES;
				GCC_C_LANGUAGE_STANDARD = gnu17;
				GCC_DYNAMIC_NO_PIC = NO;
				GCC_NO_COMMON_BLOCKS = YES;
				GCC_OPTIMIZATION_LEVEL = 0;
				GCC_PREPROCESSOR_DEFINITIONS = (
					"DEBUG=1",
					"$(inherited)",
				);
				GCC_WARN_64_TO_32_BIT_CONVERSION = YES;
				GCC_WARN_ABOUT_RETURN_TYPE = YES_ERROR;
				GCC_WARN_UNDECLARED_SELECTOR = YES;
				GCC_WARN_UNINITIALIZED_AUTOS = YES_AGGRESSIVE;
				GCC_WARN_UNUSED_FUNCTION = YES;
				GCC_WARN_UNUSED_VARIABLE = YES;
				IPHONEOS_DEPLOYMENT_TARGET = 17.0;
				LOCALIZATION_PREFERS_STRING_CATALOGS = YES;
				MTL_ENABLE_DEBUG_INFO = INCLUDE_SOURCE;
				MTL_FAST_MATH = YES;
				ONLY_ACTIVE_ARCH = YES;
				SDKROOT = iphoneos;
				SWIFT_ACTIVE_COMPILATION_CONDITIONS = "DEBUG $(inherited)";
				SWIFT_OPTIMIZATION_LEVEL = "-Onone";
			};
			name = Debug;
		};
		27CD84CC2AED091A00344B3E /* Release */ = {
			isa = XCBuildConfiguration;
			buildSettings = {
				ALWAYS_SEARCH_USER_PATHS = NO;
				ASSETCATALOG_COMPILER_GENERATE_SWIFT_ASSET_SYMBOL_EXTENSIONS = YES;
				CLANG_ANALYZER_NONNULL = YES;
				CLANG_ANALYZER_NUMBER_OBJECT_CONVERSION = YES_AGGRESSIVE;
				CLANG_CXX_LANGUAGE_STANDARD = "gnu++20";
				CLANG_ENABLE_MODULES = YES;
				CLANG_ENABLE_OBJC_ARC = YES;
				CLANG_ENABLE_OBJC_WEAK = YES;
				CLANG_WARN_BLOCK_CAPTURE_AUTORELEASING = YES;
				CLANG_WARN_BOOL_CONVERSION = YES;
				CLANG_WARN_COMMA = YES;
				CLANG_WARN_CONSTANT_CONVERSION = YES;
				CLANG_WARN_DEPRECATED_OBJC_IMPLEMENTATIONS = YES;
				CLANG_WARN_DIRECT_OBJC_ISA_USAGE = YES_ERROR;
				CLANG_WARN_DOCUMENTATION_COMMENTS = YES;
				CLANG_WARN_EMPTY_BODY = YES;
				CLANG_WARN_ENUM_CONVERSION = YES;
				CLANG_WARN_INFINITE_RECURSION = YES;
				CLANG_WARN_INT_CONVERSION = YES;
				CLANG_WARN_NON_LITERAL_NULL_CONVERSION = YES;
				CLANG_WARN_OBJC_IMPLICIT_RETAIN_SELF = YES;
				CLANG_WARN_OBJC_LITERAL_CONVERSION = YES;
				CLANG_WARN_OBJC_ROOT_CLASS = YES_ERROR;
				CLANG_WARN_QUOTED_INCLUDE_IN_FRAMEWORK_HEADER = YES;
				CLANG_WARN_RANGE_LOOP_ANALYSIS = YES;
				CLANG_WARN_STRICT_PROTOTYPES = YES;
				CLANG_WARN_SUSPICIOUS_MOVE = YES;
				CLANG_WARN_UNGUARDED_AVAILABILITY = YES_AGGRESSIVE;
				CLANG_WARN_UNREACHABLE_CODE = YES;
				CLANG_WARN__DUPLICATE_METHOD_MATCH = YES;
				COPY_PHASE_STRIP = NO;
				DEBUG_INFORMATION_FORMAT = "dwarf-with-dsym";
				ENABLE_NS_ASSERTIONS = NO;
				ENABLE_STRICT_OBJC_MSGSEND = YES;
				ENABLE_USER_SCRIPT_SANDBOXING = YES;
				GCC_C_LANGUAGE_STANDARD = gnu17;
				GCC_NO_COMMON_BLOCKS = YES;
				GCC_WARN_64_TO_32_BIT_CONVERSION = YES;
				GCC_WARN_ABOUT_RETURN_TYPE = YES_ERROR;
				GCC_WARN_UNDECLARED_SELECTOR = YES;
				GCC_WARN_UNINITIALIZED_AUTOS = YES_AGGRESSIVE;
				GCC_WARN_UNUSED_FUNCTION = YES;
				GCC_WARN_UNUSED_VARIABLE = YES;
				IPHONEOS_DEPLOYMENT_TARGET = 17.0;
				LOCALIZATION_PREFERS_STRING_CATALOGS = YES;
				MTL_ENABLE_DEBUG_INFO = NO;
				MTL_FAST_MATH = YES;
				SDKROOT = iphoneos;
				SWIFT_COMPILATION_MODE = wholemodule;
				VALIDATE_PRODUCT = YES;
			};
			name = Release;
		};
		27CD84CE2AED091A00344B3E /* Debug */ = {
			isa = XCBuildConfiguration;
			buildSettings = {
				ASSETCATALOG_COMPILER_APPICON_NAME = AppIcon;
				ASSETCATALOG_COMPILER_GLOBAL_ACCENT_COLOR_NAME = AccentColor;
				CODE_SIGN_STYLE = Automatic;
				CURRENT_PROJECT_VERSION = 1;
				GENERATE_INFOPLIST_FILE = YES;
				INFOPLIST_FILE = Practica_iOS_avanzado_ref1/Info.plist;
				INFOPLIST_KEY_UIApplicationSupportsIndirectInputEvents = YES;
				INFOPLIST_KEY_UILaunchStoryboardName = LaunchScreen;
				INFOPLIST_KEY_UISupportedInterfaceOrientations_iPad = "UIInterfaceOrientationPortrait UIInterfaceOrientationPortraitUpsideDown UIInterfaceOrientationLandscapeLeft UIInterfaceOrientationLandscapeRight";
				INFOPLIST_KEY_UISupportedInterfaceOrientations_iPhone = "UIInterfaceOrientationPortrait UIInterfaceOrientationLandscapeLeft UIInterfaceOrientationLandscapeRight";
				LD_RUNPATH_SEARCH_PATHS = (
					"$(inherited)",
					"@executable_path/Frameworks",
				);
				MARKETING_VERSION = 1.0;
				PRODUCT_BUNDLE_IDENTIFIER = "sdar.Practica-iOS-avanzado-ref1";
				PRODUCT_NAME = "$(TARGET_NAME)";
				SWIFT_EMIT_LOC_STRINGS = YES;
				SWIFT_VERSION = 5.0;
				TARGETED_DEVICE_FAMILY = "1,2";
			};
			name = Debug;
		};
		27CD84CF2AED091A00344B3E /* Release */ = {
			isa = XCBuildConfiguration;
			buildSettings = {
				ASSETCATALOG_COMPILER_APPICON_NAME = AppIcon;
				ASSETCATALOG_COMPILER_GLOBAL_ACCENT_COLOR_NAME = AccentColor;
				CODE_SIGN_STYLE = Automatic;
				CURRENT_PROJECT_VERSION = 1;
				GENERATE_INFOPLIST_FILE = YES;
				INFOPLIST_FILE = Practica_iOS_avanzado_ref1/Info.plist;
				INFOPLIST_KEY_UIApplicationSupportsIndirectInputEvents = YES;
				INFOPLIST_KEY_UILaunchStoryboardName = LaunchScreen;
				INFOPLIST_KEY_UISupportedInterfaceOrientations_iPad = "UIInterfaceOrientationPortrait UIInterfaceOrientationPortraitUpsideDown UIInterfaceOrientationLandscapeLeft UIInterfaceOrientationLandscapeRight";
				INFOPLIST_KEY_UISupportedInterfaceOrientations_iPhone = "UIInterfaceOrientationPortrait UIInterfaceOrientationLandscapeLeft UIInterfaceOrientationLandscapeRight";
				LD_RUNPATH_SEARCH_PATHS = (
					"$(inherited)",
					"@executable_path/Frameworks",
				);
				MARKETING_VERSION = 1.0;
				PRODUCT_BUNDLE_IDENTIFIER = "sdar.Practica-iOS-avanzado-ref1";
				PRODUCT_NAME = "$(TARGET_NAME)";
				SWIFT_EMIT_LOC_STRINGS = YES;
				SWIFT_VERSION = 5.0;
				TARGETED_DEVICE_FAMILY = "1,2";
			};
			name = Release;
		};
		27CD84D12AED091A00344B3E /* Debug */ = {
			isa = XCBuildConfiguration;
			buildSettings = {
				ALWAYS_EMBED_SWIFT_STANDARD_LIBRARIES = YES;
				BUNDLE_LOADER = "$(TEST_HOST)";
				CODE_SIGN_STYLE = Automatic;
				CURRENT_PROJECT_VERSION = 1;
				GENERATE_INFOPLIST_FILE = YES;
				IPHONEOS_DEPLOYMENT_TARGET = 17.0;
				MARKETING_VERSION = 1.0;
				PRODUCT_BUNDLE_IDENTIFIER = "sdar.Practica-iOS-avanzado-ref1Tests";
				PRODUCT_NAME = "$(TARGET_NAME)";
				SWIFT_EMIT_LOC_STRINGS = NO;
				SWIFT_VERSION = 5.0;
				TARGETED_DEVICE_FAMILY = "1,2";
				TEST_HOST = "$(BUILT_PRODUCTS_DIR)/Practica_iOS_avanzado_ref1.app/$(BUNDLE_EXECUTABLE_FOLDER_PATH)/Practica_iOS_avanzado_ref1";
			};
			name = Debug;
		};
		27CD84D22AED091A00344B3E /* Release */ = {
			isa = XCBuildConfiguration;
			buildSettings = {
				ALWAYS_EMBED_SWIFT_STANDARD_LIBRARIES = YES;
				BUNDLE_LOADER = "$(TEST_HOST)";
				CODE_SIGN_STYLE = Automatic;
				CURRENT_PROJECT_VERSION = 1;
				GENERATE_INFOPLIST_FILE = YES;
				IPHONEOS_DEPLOYMENT_TARGET = 17.0;
				MARKETING_VERSION = 1.0;
				PRODUCT_BUNDLE_IDENTIFIER = "sdar.Practica-iOS-avanzado-ref1Tests";
				PRODUCT_NAME = "$(TARGET_NAME)";
				SWIFT_EMIT_LOC_STRINGS = NO;
				SWIFT_VERSION = 5.0;
				TARGETED_DEVICE_FAMILY = "1,2";
				TEST_HOST = "$(BUILT_PRODUCTS_DIR)/Practica_iOS_avanzado_ref1.app/$(BUNDLE_EXECUTABLE_FOLDER_PATH)/Practica_iOS_avanzado_ref1";
			};
			name = Release;
		};
		27CD84D42AED091A00344B3E /* Debug */ = {
			isa = XCBuildConfiguration;
			buildSettings = {
				ALWAYS_EMBED_SWIFT_STANDARD_LIBRARIES = YES;
				CODE_SIGN_STYLE = Automatic;
				CURRENT_PROJECT_VERSION = 1;
				GENERATE_INFOPLIST_FILE = YES;
				MARKETING_VERSION = 1.0;
				PRODUCT_BUNDLE_IDENTIFIER = "sdar.Practica-iOS-avanzado-ref1UITests";
				PRODUCT_NAME = "$(TARGET_NAME)";
				SWIFT_EMIT_LOC_STRINGS = NO;
				SWIFT_VERSION = 5.0;
				TARGETED_DEVICE_FAMILY = "1,2";
				TEST_TARGET_NAME = Practica_iOS_avanzado_ref1;
			};
			name = Debug;
		};
		27CD84D52AED091A00344B3E /* Release */ = {
			isa = XCBuildConfiguration;
			buildSettings = {
				ALWAYS_EMBED_SWIFT_STANDARD_LIBRARIES = YES;
				CODE_SIGN_STYLE = Automatic;
				CURRENT_PROJECT_VERSION = 1;
				GENERATE_INFOPLIST_FILE = YES;
				MARKETING_VERSION = 1.0;
				PRODUCT_BUNDLE_IDENTIFIER = "sdar.Practica-iOS-avanzado-ref1UITests";
				PRODUCT_NAME = "$(TARGET_NAME)";
				SWIFT_EMIT_LOC_STRINGS = NO;
				SWIFT_VERSION = 5.0;
				TARGETED_DEVICE_FAMILY = "1,2";
				TEST_TARGET_NAME = Practica_iOS_avanzado_ref1;
			};
			name = Release;
		};
/* End XCBuildConfiguration section */

/* Begin XCConfigurationList section */
		27CD849B2AED091800344B3E /* Build configuration list for PBXProject "Practica_iOS_avanzado_ref1" */ = {
			isa = XCConfigurationList;
			buildConfigurations = (
				27CD84CB2AED091A00344B3E /* Debug */,
				27CD84CC2AED091A00344B3E /* Release */,
			);
			defaultConfigurationIsVisible = 0;
			defaultConfigurationName = Release;
		};
		27CD84CD2AED091A00344B3E /* Build configuration list for PBXNativeTarget "Practica_iOS_avanzado_ref1" */ = {
			isa = XCConfigurationList;
			buildConfigurations = (
				27CD84CE2AED091A00344B3E /* Debug */,
				27CD84CF2AED091A00344B3E /* Release */,
			);
			defaultConfigurationIsVisible = 0;
			defaultConfigurationName = Release;
		};
		27CD84D02AED091A00344B3E /* Build configuration list for PBXNativeTarget "Practica_iOS_avanzado_ref1Tests" */ = {
			isa = XCConfigurationList;
			buildConfigurations = (
				27CD84D12AED091A00344B3E /* Debug */,
				27CD84D22AED091A00344B3E /* Release */,
			);
			defaultConfigurationIsVisible = 0;
			defaultConfigurationName = Release;
		};
		27CD84D32AED091A00344B3E /* Build configuration list for PBXNativeTarget "Practica_iOS_avanzado_ref1UITests" */ = {
			isa = XCConfigurationList;
			buildConfigurations = (
				27CD84D42AED091A00344B3E /* Debug */,
				27CD84D52AED091A00344B3E /* Release */,
			);
			defaultConfigurationIsVisible = 0;
			defaultConfigurationName = Release;
		};
/* End XCConfigurationList section */

/* Begin XCRemoteSwiftPackageReference section */
		27CD84DC2AED19FE00344B3E /* XCRemoteSwiftPackageReference "Kingfisher" */ = {
			isa = XCRemoteSwiftPackageReference;
			repositoryURL = "https://github.com/onevcat/Kingfisher";
			requirement = {
				kind = upToNextMajorVersion;
				minimumVersion = 7.9.1;
			};
		};
		27CD84DF2AED1A0700344B3E /* XCRemoteSwiftPackageReference "keychain-swift" */ = {
			isa = XCRemoteSwiftPackageReference;
			repositoryURL = "https://github.com/evgenyneu/keychain-swift.git";
			requirement = {
				kind = upToNextMajorVersion;
				minimumVersion = 20.0.0;
			};
		};
/* End XCRemoteSwiftPackageReference section */

/* Begin XCSwiftPackageProductDependency section */
		27CD84DD2AED19FE00344B3E /* Kingfisher */ = {
			isa = XCSwiftPackageProductDependency;
			package = 27CD84DC2AED19FE00344B3E /* XCRemoteSwiftPackageReference "Kingfisher" */;
			productName = Kingfisher;
		};
		27CD84E02AED1A0700344B3E /* KeychainSwift */ = {
			isa = XCSwiftPackageProductDependency;
			package = 27CD84DF2AED1A0700344B3E /* XCRemoteSwiftPackageReference "keychain-swift" */;
			productName = KeychainSwift;
		};
/* End XCSwiftPackageProductDependency section */

/* Begin XCVersionGroup section */
		27CD84AC2AED091800344B3E /* Practica_iOS_avanzado_ref1.xcdatamodeld */ = {
			isa = XCVersionGroup;
			children = (
				27CD84AD2AED091800344B3E /* Practica_iOS_avanzado_ref1.xcdatamodel */,
			);
			currentVersion = 27CD84AD2AED091800344B3E /* Practica_iOS_avanzado_ref1.xcdatamodel */;
			path = Practica_iOS_avanzado_ref1.xcdatamodeld;
			sourceTree = "<group>";
			versionGroupType = wrapper.xcdatamodel;
		};
/* End XCVersionGroup section */
	};
	rootObject = 27CD84982AED091800344B3E /* Project object */;
}
